
Microsoft Visual Studio Solution File, Format Version 12.00
# Visual Studio Version 17
VisualStudioVersion = 17.7.34031.279
MinimumVisualStudioVersion = 10.0.40219.1
Project("{FAE04EC0-301F-11D3-BF4B-00C04F79EFBC}") = "project1", "project1\project1.csproj", "{DA3165AC-DFBE-4C67-97EA-E243EC5E3802}"
EndProject
Global
	GlobalSection(SolutionConfigurationPlatforms) = preSolution
		Debug|Any CPU = Debug|Any CPU
		Release|Any CPU = Release|Any CPU
	EndGlobalSection
	GlobalSection(ProjectConfigurationPlatforms) = postSolution
		{DA3165AC-DFBE-4C67-97EA-E243EC5E3802}.Debug|Any CPU.ActiveCfg = Debug|Any CPU
		{DA3165AC-DFBE-4C67-97EA-E243EC5E3802}.Debug|Any CPU.Build.0 = Debug|Any CPU
		{DA3165AC-DFBE-4C67-97EA-E243EC5E3802}.Release|Any CPU.ActiveCfg = Release|Any CPU
		{DA3165AC-DFBE-4C67-97EA-E243EC5E3802}.Release|Any CPU.Build.0 = Release|Any CPU
	EndGlobalSection
	GlobalSection(SolutionProperties) = preSolution
		HideSolutionNode = FALSE
	EndGlobalSection
	GlobalSection(ExtensibilityGlobals) = postSolution
		SolutionGuid = {75CF36DA-C2BF-477D-B944-EBC47226495C}
	EndGlobalSection
EndGlobal
